
Microsoft Visual Studio Solution File, Format Version 12.00
# Visual Studio Version 17
VisualStudioVersion = 17.3.32929.385
MinimumVisualStudioVersion = 10.0.40219.1
Project("{FAE04EC0-301F-11D3-BF4B-00C04F79EFBC}") = "Campañas", "Campañas\Campañas.csproj", "{D49D0065-5205-48AE-84BB-55E3E2EC8F99}"
EndProject
Global
	GlobalSection(SolutionConfigurationPlatforms) = preSolution
		Debug|Any CPU = Debug|Any CPU
		Release|Any CPU = Release|Any CPU
	EndGlobalSection
	GlobalSection(ProjectConfigurationPlatforms) = postSolution
		{D49D0065-5205-48AE-84BB-55E3E2EC8F99}.Debug|Any CPU.ActiveCfg = Debug|Any CPU
		{D49D0065-5205-48AE-84BB-55E3E2EC8F99}.Debug|Any CPU.Build.0 = Debug|Any CPU
		{D49D0065-5205-48AE-84BB-55E3E2EC8F99}.Release|Any CPU.ActiveCfg = Release|Any CPU
		{D49D0065-5205-48AE-84BB-55E3E2EC8F99}.Release|Any CPU.Build.0 = Release|Any CPU
	EndGlobalSection
	GlobalSection(SolutionProperties) = preSolution
		HideSolutionNode = FALSE
	EndGlobalSection
	GlobalSection(ExtensibilityGlobals) = postSolution
		SolutionGuid = {1C26B0C4-2B5A-4C3E-B20A-E7B502474FA4}
	EndGlobalSection
EndGlobal
